// !$*UTF8*$!
{
	archiveVersion = 1;
	classes = {
	};
	objectVersion = 50;
	objects = {

/* Begin PBXBuildFile section */
		EB1D5806214D368300DF3F13 /* AppDelegate.swift in Sources */ = {isa = PBXBuildFile; fileRef = EB1D5805214D368300DF3F13 /* AppDelegate.swift */; };
		EB1D5808214D368400DF3F13 /* ViewController.swift in Sources */ = {isa = PBXBuildFile; fileRef = EB1D5807214D368400DF3F13 /* ViewController.swift */; };
		EB1D580B214D368400DF3F13 /* Main.storyboard in Resources */ = {isa = PBXBuildFile; fileRef = EB1D5809214D368400DF3F13 /* Main.storyboard */; };
		EB1D580E214D368400DF3F13 /* Soma.xcdatamodeld in Sources */ = {isa = PBXBuildFile; fileRef = EB1D580C214D368400DF3F13 /* Soma.xcdatamodeld */; };
		EB1D5810214D368A00DF3F13 /* Assets.xcassets in Resources */ = {isa = PBXBuildFile; fileRef = EB1D580F214D368A00DF3F13 /* Assets.xcassets */; };
		EB1D5813214D368A00DF3F13 /* LaunchScreen.storyboard in Resources */ = {isa = PBXBuildFile; fileRef = EB1D5811214D368A00DF3F13 /* LaunchScreen.storyboard */; };
		EB1D581E214D368A00DF3F13 /* SomaTests.swift in Sources */ = {isa = PBXBuildFile; fileRef = EB1D581D214D368A00DF3F13 /* SomaTests.swift */; };
		EB1D5829214D368A00DF3F13 /* SomaUITests.swift in Sources */ = {isa = PBXBuildFile; fileRef = EB1D5828214D368A00DF3F13 /* SomaUITests.swift */; };
/* End PBXBuildFile section */

/* Begin PBXContainerItemProxy section */
		EB1D581A214D368A00DF3F13 /* PBXContainerItemProxy */ = {
			isa = PBXContainerItemProxy;
			containerPortal = EB1D57FA214D368300DF3F13 /* Project object */;
			proxyType = 1;
			remoteGlobalIDString = EB1D5801214D368300DF3F13;
			remoteInfo = Soma;
		};
		EB1D5825214D368A00DF3F13 /* PBXContainerItemProxy */ = {
			isa = PBXContainerItemProxy;
			containerPortal = EB1D57FA214D368300DF3F13 /* Project object */;
			proxyType = 1;
			remoteGlobalIDString = EB1D5801214D368300DF3F13;
			remoteInfo = Soma;
		};
/* End PBXContainerItemProxy section */

/* Begin PBXFileReference section */
		EB1D5802214D368300DF3F13 /* Soma.app */ = {isa = PBXFileReference; explicitFileType = wrapper.application; includeInIndex = 0; path = Soma.app; sourceTree = BUILT_PRODUCTS_DIR; };
		EB1D5805214D368300DF3F13 /* AppDelegate.swift */ = {isa = PBXFileReference; lastKnownFileType = sourcecode.swift; path = AppDelegate.swift; sourceTree = "<group>"; };
		EB1D5807214D368400DF3F13 /* ViewController.swift */ = {isa = PBXFileReference; lastKnownFileType = sourcecode.swift; path = ViewController.swift; sourceTree = "<group>"; };
		EB1D580A214D368400DF3F13 /* Base */ = {isa = PBXFileReference; lastKnownFileType = file.storyboard; name = Base; path = Base.lproj/Main.storyboard; sourceTree = "<group>"; };
		EB1D580D214D368400DF3F13 /* Soma.xcdatamodel */ = {isa = PBXFileReference; lastKnownFileType = wrapper.xcdatamodel; path = Soma.xcdatamodel; sourceTree = "<group>"; };
		EB1D580F214D368A00DF3F13 /* Assets.xcassets */ = {isa = PBXFileReference; lastKnownFileType = folder.assetcatalog; path = Assets.xcassets; sourceTree = "<group>"; };
		EB1D5812214D368A00DF3F13 /* Base */ = {isa = PBXFileReference; lastKnownFileType = file.storyboard; name = Base; path = Base.lproj/LaunchScreen.storyboard; sourceTree = "<group>"; };
		EB1D5814214D368A00DF3F13 /* Info.plist */ = {isa = PBXFileReference; lastKnownFileType = text.plist.xml; path = Info.plist; sourceTree = "<group>"; };
		EB1D5819214D368A00DF3F13 /* SomaTests.xctest */ = {isa = PBXFileReference; explicitFileType = wrapper.cfbundle; includeInIndex = 0; path = SomaTests.xctest; sourceTree = BUILT_PRODUCTS_DIR; };
		EB1D581D214D368A00DF3F13 /* SomaTests.swift */ = {isa = PBXFileReference; lastKnownFileType = sourcecode.swift; path = SomaTests.swift; sourceTree = "<group>"; };
		EB1D581F214D368A00DF3F13 /* Info.plist */ = {isa = PBXFileReference; lastKnownFileType = text.plist.xml; path = Info.plist; sourceTree = "<group>"; };
		EB1D5824214D368A00DF3F13 /* SomaUITests.xctest */ = {isa = PBXFileReference; explicitFileType = wrapper.cfbundle; includeInIndex = 0; path = SomaUITests.xctest; sourceTree = BUILT_PRODUCTS_DIR; };
		EB1D5828214D368A00DF3F13 /* SomaUITests.swift */ = {isa = PBXFileReference; lastKnownFileType = sourcecode.swift; path = SomaUITests.swift; sourceTree = "<group>"; };
		EB1D582A214D368A00DF3F13 /* Info.plist */ = {isa = PBXFileReference; lastKnownFileType = text.plist.xml; path = Info.plist; sourceTree = "<group>"; };
/* End PBXFileReference section */

/* Begin PBXFrameworksBuildPhase section */
		EB1D57FF214D368300DF3F13 /* Frameworks */ = {
			isa = PBXFrameworksBuildPhase;
			buildActionMask = 2147483647;
			files = (
			);
			runOnlyForDeploymentPostprocessing = 0;
		};
		EB1D5816214D368A00DF3F13 /* Frameworks */ = {
			isa = PBXFrameworksBuildPhase;
			buildActionMask = 2147483647;
			files = (
			);
			runOnlyForDeploymentPostprocessing = 0;
		};
		EB1D5821214D368A00DF3F13 /* Frameworks */ = {
			isa = PBXFrameworksBuildPhase;
			buildActionMask = 2147483647;
			files = (
			);
			runOnlyForDeploymentPostprocessing = 0;
		};
/* End PBXFrameworksBuildPhase section */

/* Begin PBXGroup section */
		EB1D57F9214D368300DF3F13 = {
			isa = PBXGroup;
			children = (
				EB1D5804214D368300DF3F13 /* Soma */,
				EB1D581C214D368A00DF3F13 /* SomaTests */,
				EB1D5827214D368A00DF3F13 /* SomaUITests */,
				EB1D5803214D368300DF3F13 /* Products */,
			);
			sourceTree = "<group>";
		};
		EB1D5803214D368300DF3F13 /* Products */ = {
			isa = PBXGroup;
			children = (
				EB1D5802214D368300DF3F13 /* Soma.app */,
				EB1D5819214D368A00DF3F13 /* SomaTests.xctest */,
				EB1D5824214D368A00DF3F13 /* SomaUITests.xctest */,
			);
			name = Products;
			sourceTree = "<group>";
		};
		EB1D5804214D368300DF3F13 /* Soma */ = {
			isa = PBXGroup;
			children = (
				EB1D5805214D368300DF3F13 /* AppDelegate.swift */,
				EB1D5807214D368400DF3F13 /* ViewController.swift */,
				EB1D5809214D368400DF3F13 /* Main.storyboard */,
				EB1D580F214D368A00DF3F13 /* Assets.xcassets */,
				EB1D5811214D368A00DF3F13 /* LaunchScreen.storyboard */,
				EB1D5814214D368A00DF3F13 /* Info.plist */,
				EB1D580C214D368400DF3F13 /* Soma.xcdatamodeld */,
			);
			path = Soma;
			sourceTree = "<group>";
		};
		EB1D581C214D368A00DF3F13 /* SomaTests */ = {
			isa = PBXGroup;
			children = (
				EB1D581D214D368A00DF3F13 /* SomaTests.swift */,
				EB1D581F214D368A00DF3F13 /* Info.plist */,
			);
			path = SomaTests;
			sourceTree = "<group>";
		};
		EB1D5827214D368A00DF3F13 /* SomaUITests */ = {
			isa = PBXGroup;
			children = (
				EB1D5828214D368A00DF3F13 /* SomaUITests.swift */,
				EB1D582A214D368A00DF3F13 /* Info.plist */,
			);
			path = SomaUITests;
			sourceTree = "<group>";
		};
/* End PBXGroup section */

/* Begin PBXNativeTarget section */
		EB1D5801214D368300DF3F13 /* Soma */ = {
			isa = PBXNativeTarget;
			buildConfigurationList = EB1D582D214D368A00DF3F13 /* Build configuration list for PBXNativeTarget "Soma" */;
			buildPhases = (
				EB1D57FE214D368300DF3F13 /* Sources */,
				EB1D57FF214D368300DF3F13 /* Frameworks */,
				EB1D5800214D368300DF3F13 /* Resources */,
			);
			buildRules = (
			);
			dependencies = (
			);
			name = Soma;
			productName = Soma;
			productReference = EB1D5802214D368300DF3F13 /* Soma.app */;
			productType = "com.apple.product-type.application";
		};
		EB1D5818214D368A00DF3F13 /* SomaTests */ = {
			isa = PBXNativeTarget;
			buildConfigurationList = EB1D5830214D368A00DF3F13 /* Build configuration list for PBXNativeTarget "SomaTests" */;
			buildPhases = (
				EB1D5815214D368A00DF3F13 /* Sources */,
				EB1D5816214D368A00DF3F13 /* Frameworks */,
				EB1D5817214D368A00DF3F13 /* Resources */,
			);
			buildRules = (
			);
			dependencies = (
				EB1D581B214D368A00DF3F13 /* PBXTargetDependency */,
			);
			name = SomaTests;
			productName = SomaTests;
			productReference = EB1D5819214D368A00DF3F13 /* SomaTests.xctest */;
			productType = "com.apple.product-type.bundle.unit-test";
		};
		EB1D5823214D368A00DF3F13 /* SomaUITests */ = {
			isa = PBXNativeTarget;
			buildConfigurationList = EB1D5833214D368A00DF3F13 /* Build configuration list for PBXNativeTarget "SomaUITests" */;
			buildPhases = (
				EB1D5820214D368A00DF3F13 /* Sources */,
				EB1D5821214D368A00DF3F13 /* Frameworks */,
				EB1D5822214D368A00DF3F13 /* Resources */,
			);
			buildRules = (
			);
			dependencies = (
				EB1D5826214D368A00DF3F13 /* PBXTargetDependency */,
			);
			name = SomaUITests;
			productName = SomaUITests;
			productReference = EB1D5824214D368A00DF3F13 /* SomaUITests.xctest */;
			productType = "com.apple.product-type.bundle.ui-testing";
		};
/* End PBXNativeTarget section */

/* Begin PBXProject section */
		EB1D57FA214D368300DF3F13 /* Project object */ = {
			isa = PBXProject;
			attributes = {
				LastSwiftUpdateCheck = 0930;
				LastUpgradeCheck = 0930;
				ORGANIZATIONNAME = "Filipe Cruz";
				TargetAttributes = {
					EB1D5801214D368300DF3F13 = {
						CreatedOnToolsVersion = 9.3.1;
					};
					EB1D5818214D368A00DF3F13 = {
						CreatedOnToolsVersion = 9.3.1;
						TestTargetID = EB1D5801214D368300DF3F13;
					};
					EB1D5823214D368A00DF3F13 = {
						CreatedOnToolsVersion = 9.3.1;
						TestTargetID = EB1D5801214D368300DF3F13;
					};
				};
			};
			buildConfigurationList = EB1D57FD214D368300DF3F13 /* Build configuration list for PBXProject "Soma" */;
			compatibilityVersion = "Xcode 9.3";
			developmentRegion = en;
			hasScannedForEncodings = 0;
			knownRegions = (
				en,
				Base,
			);
			mainGroup = EB1D57F9214D368300DF3F13;
			productRefGroup = EB1D5803214D368300DF3F13 /* Products */;
			projectDirPath = "";
			projectRoot = "";
			targets = (
				EB1D5801214D368300DF3F13 /* Soma */,
				EB1D5818214D368A00DF3F13 /* SomaTests */,
				EB1D5823214D368A00DF3F13 /* SomaUITests */,
			);
		};
/* End PBXProject section */

/* Begin PBXResourcesBuildPhase section */
		EB1D5800214D368300DF3F13 /* Resources */ = {
			isa = PBXResourcesBuildPhase;
			buildActionMask = 2147483647;
			files = (
				EB1D5813214D368A00DF3F13 /* LaunchScreen.storyboard in Resources */,
				EB1D5810214D368A00DF3F13 /* Assets.xcassets in Resources */,
				EB1D580B214D368400DF3F13 /* Main.storyboard in Resources */,
			);
			runOnlyForDeploymentPostprocessing = 0;
		};
		EB1D5817214D368A00DF3F13 /* Resources */ = {
			isa = PBXResourcesBuildPhase;
			buildActionMask = 2147483647;
			files = (
			);
			runOnlyForDeploymentPostprocessing = 0;
		};
		EB1D5822214D368A00DF3F13 /* Resources */ = {
			isa = PBXResourcesBuildPhase;
			buildActionMask = 2147483647;
			files = (
			);
			runOnlyForDeploymentPostprocessing = 0;
		};
/* End PBXResourcesBuildPhase section */

/* Begin PBXSourcesBuildPhase section */
		EB1D57FE214D368300DF3F13 /* Sources */ = {
			isa = PBXSourcesBuildPhase;
			buildActionMask = 2147483647;
			files = (
				EB1D5808214D368400DF3F13 /* ViewController.swift in Sources */,
				EB1D580E214D368400DF3F13 /* Soma.xcdatamodeld in Sources */,
				EB1D5806214D368300DF3F13 /* AppDelegate.swift in Sources */,
			);
			runOnlyForDeploymentPostprocessing = 0;
		};
		EB1D5815214D368A00DF3F13 /* Sources */ = {
			isa = PBXSourcesBuildPhase;
			buildActionMask = 2147483647;
			files = (
				EB1D581E214D368A00DF3F13 /* SomaTests.swift in Sources */,
			);
			runOnlyForDeploymentPostprocessing = 0;
		};
		EB1D5820214D368A00DF3F13 /* Sources */ = {
			isa = PBXSourcesBuildPhase;
			buildActionMask = 2147483647;
			files = (
				EB1D5829214D368A00DF3F13 /* SomaUITests.swift in Sources */,
			);
			runOnlyForDeploymentPostprocessing = 0;
		};
/* End PBXSourcesBuildPhase section */

/* Begin PBXTargetDependency section */
		EB1D581B214D368A00DF3F13 /* PBXTargetDependency */ = {
			isa = PBXTargetDependency;
			target = EB1D5801214D368300DF3F13 /* Soma */;
			targetProxy = EB1D581A214D368A00DF3F13 /* PBXContainerItemProxy */;
		};
		EB1D5826214D368A00DF3F13 /* PBXTargetDependency */ = {
			isa = PBXTargetDependency;
			target = EB1D5801214D368300DF3F13 /* Soma */;
			targetProxy = EB1D5825214D368A00DF3F13 /* PBXContainerItemProxy */;
		};
/* End PBXTargetDependency section */

/* Begin PBXVariantGroup section */
		EB1D5809214D368400DF3F13 /* Main.storyboard */ = {
			isa = PBXVariantGroup;
			children = (
				EB1D580A214D368400DF3F13 /* Base */,
			);
			name = Main.storyboard;
			sourceTree = "<group>";
		};
		EB1D5811214D368A00DF3F13 /* LaunchScreen.storyboard */ = {
			isa = PBXVariantGroup;
			children = (
				EB1D5812214D368A00DF3F13 /* Base */,
			);
			name = LaunchScreen.storyboard;
			sourceTree = "<group>";
		};
/* End PBXVariantGroup section */

/* Begin XCBuildConfiguration section */
		EB1D582B214D368A00DF3F13 /* Debug */ = {
			isa = XCBuildConfiguration;
			buildSettings = {
				ALWAYS_SEARCH_USER_PATHS = NO;
				CLANG_ANALYZER_NONNULL = YES;
				CLANG_ANALYZER_NUMBER_OBJECT_CONVERSION = YES_AGGRESSIVE;
				CLANG_CXX_LANGUAGE_STANDARD = "gnu++14";
				CLANG_CXX_LIBRARY = "libc++";
				CLANG_ENABLE_MODULES = YES;
				CLANG_ENABLE_OBJC_ARC = YES;
				CLANG_ENABLE_OBJC_WEAK = YES;
				CLANG_WARN_BLOCK_CAPTURE_AUTORELEASING = YES;
				CLANG_WARN_BOOL_CONVERSION = YES;
				CLANG_WARN_COMMA = YES;
				CLANG_WARN_CONSTANT_CONVERSION = YES;
				CLANG_WARN_DEPRECATED_OBJC_IMPLEMENTATIONS = YES;
				CLANG_WARN_DIRECT_OBJC_ISA_USAGE = YES_ERROR;
				CLANG_WARN_DOCUMENTATION_COMMENTS = YES;
				CLANG_WARN_EMPTY_BODY = YES;
				CLANG_WARN_ENUM_CONVERSION = YES;
				CLANG_WARN_INFINITE_RECURSION = YES;
				CLANG_WARN_INT_CONVERSION = YES;
				CLANG_WARN_NON_LITERAL_NULL_CONVERSION = YES;
				CLANG_WARN_OBJC_IMPLICIT_RETAIN_SELF = YES;
				CLANG_WARN_OBJC_LITERAL_CONVERSION = YES;
				CLANG_WARN_OBJC_ROOT_CLASS = YES_ERROR;
				CLANG_WARN_RANGE_LOOP_ANALYSIS = YES;
				CLANG_WARN_STRICT_PROTOTYPES = YES;
				CLANG_WARN_SUSPICIOUS_MOVE = YES;
				CLANG_WARN_UNGUARDED_AVAILABILITY = YES_AGGRESSIVE;
				CLANG_WARN_UNREACHABLE_CODE = YES;
				CLANG_WARN__DUPLICATE_METHOD_MATCH = YES;
				CODE_SIGN_IDENTITY = "iPhone Developer";
				COPY_PHASE_STRIP = NO;
				DEBUG_INFORMATION_FORMAT = dwarf;
				ENABLE_STRICT_OBJC_MSGSEND = YES;
				ENABLE_TESTABILITY = YES;
				GCC_C_LANGUAGE_STANDARD = gnu11;
				GCC_DYNAMIC_NO_PIC = NO;
				GCC_NO_COMMON_BLOCKS = YES;
				GCC_OPTIMIZATION_LEVEL = 0;
				GCC_PREPROCESSOR_DEFINITIONS = (
					"DEBUG=1",
					"$(inherited)",
				);
				GCC_WARN_64_TO_32_BIT_CONVERSION = YES;
				GCC_WARN_ABOUT_RETURN_TYPE = YES_ERROR;
				GCC_WARN_UNDECLARED_SELECTOR = YES;
				GCC_WARN_UNINITIALIZED_AUTOS = YES_AGGRESSIVE;
				GCC_WARN_UNUSED_FUNCTION = YES;
				GCC_WARN_UNUSED_VARIABLE = YES;
				IPHONEOS_DEPLOYMENT_TARGET = 11.3;
				MTL_ENABLE_DEBUG_INFO = YES;
				ONLY_ACTIVE_ARCH = YES;
				SDKROOT = iphoneos;
				SWIFT_ACTIVE_COMPILATION_CONDITIONS = DEBUG;
				SWIFT_OPTIMIZATION_LEVEL = "-Onone";
			};
			name = Debug;
		};
		EB1D582C214D368A00DF3F13 /* Release */ = {
			isa = XCBuildConfiguration;
			buildSettings = {
				ALWAYS_SEARCH_USER_PATHS = NO;
				CLANG_ANALYZER_NONNULL = YES;
				CLANG_ANALYZER_NUMBER_OBJECT_CONVERSION = YES_AGGRESSIVE;
				CLANG_CXX_LANGUAGE_STANDARD = "gnu++14";
				CLANG_CXX_LIBRARY = "libc++";
				CLANG_ENABLE_MODULES = YES;
				CLANG_ENABLE_OBJC_ARC = YES;
				CLANG_ENABLE_OBJC_WEAK = YES;
				CLANG_WARN_BLOCK_CAPTURE_AUTORELEASING = YES;
				CLANG_WARN_BOOL_CONVERSION = YES;
				CLANG_WARN_COMMA = YES;
				CLANG_WARN_CONSTANT_CONVERSION = YES;
				CLANG_WARN_DEPRECATED_OBJC_IMPLEMENTATIONS = YES;
				CLANG_WARN_DIRECT_OBJC_ISA_USAGE = YES_ERROR;
				CLANG_WARN_DOCUMENTATION_COMMENTS = YES;
				CLANG_WARN_EMPTY_BODY = YES;
				CLANG_WARN_ENUM_CONVERSION = YES;
				CLANG_WARN_INFINITE_RECURSION = YES;
				CLANG_WARN_INT_CONVERSION = YES;
				CLANG_WARN_NON_LITERAL_NULL_CONVERSION = YES;
				CLANG_WARN_OBJC_IMPLICIT_RETAIN_SELF = YES;
				CLANG_WARN_OBJC_LITERAL_CONVERSION = YES;
				CLANG_WARN_OBJC_ROOT_CLASS = YES_ERROR;
				CLANG_WARN_RANGE_LOOP_ANALYSIS = YES;
				CLANG_WARN_STRICT_PROTOTYPES = YES;
				CLANG_WARN_SUSPICIOUS_MOVE = YES;
				CLANG_WARN_UNGUARDED_AVAILABILITY = YES_AGGRESSIVE;
				CLANG_WARN_UNREACHABLE_CODE = YES;
				CLANG_WARN__DUPLICATE_METHOD_MATCH = YES;
				CODE_SIGN_IDENTITY = "iPhone Developer";
				COPY_PHASE_STRIP = NO;
				DEBUG_INFORMATION_FORMAT = "dwarf-with-dsym";
				ENABLE_NS_ASSERTIONS = NO;
				ENABLE_STRICT_OBJC_MSGSEND = YES;
				GCC_C_LANGUAGE_STANDARD = gnu11;
				GCC_NO_COMMON_BLOCKS = YES;
				GCC_WARN_64_TO_32_BIT_CONVERSION = YES;
				GCC_WARN_ABOUT_RETURN_TYPE = YES_ERROR;
				GCC_WARN_UNDECLARED_SELECTOR = YES;
				GCC_WARN_UNINITIALIZED_AUTOS = YES_AGGRESSIVE;
				GCC_WARN_UNUSED_FUNCTION = YES;
				GCC_WARN_UNUSED_VARIABLE = YES;
				IPHONEOS_DEPLOYMENT_TARGET = 11.3;
				MTL_ENABLE_DEBUG_INFO = NO;
				SDKROOT = iphoneos;
				SWIFT_COMPILATION_MODE = wholemodule;
				SWIFT_OPTIMIZATION_LEVEL = "-O";
				VALIDATE_PRODUCT = YES;
			};
			name = Release;
		};
		EB1D582E214D368A00DF3F13 /* Debug */ = {
			isa = XCBuildConfiguration;
			buildSettings = {
				ASSETCATALOG_COMPILER_APPICON_NAME = AppIcon;
				CODE_SIGN_STYLE = Automatic;
				INFOPLIST_FILE = Soma/Info.plist;
				LD_RUNPATH_SEARCH_PATHS = (
					"$(inherited)",
					"@executable_path/Frameworks",
				);
				PRODUCT_BUNDLE_IDENTIFIER = com.cafecomleite.Soma;
				PRODUCT_NAME = "$(TARGET_NAME)";
				SWIFT_VERSION = 4.0;
				TARGETED_DEVICE_FAMILY = "1,2";
			};
			name = Debug;
		};
		EB1D582F214D368A00DF3F13 /* Release */ = {
			isa = XCBuildConfiguration;
			buildSettings = {
				ASSETCATALOG_COMPILER_APPICON_NAME = AppIcon;
				CODE_SIGN_STYLE = Automatic;
				INFOPLIST_FILE = Soma/Info.plist;
				LD_RUNPATH_SEARCH_PATHS = (
					"$(inherited)",
					"@executable_path/Frameworks",
				);
				PRODUCT_BUNDLE_IDENTIFIER = com.cafecomleite.Soma;
				PRODUCT_NAME = "$(TARGET_NAME)";
				SWIFT_VERSION = 4.0;
				TARGETED_DEVICE_FAMILY = "1,2";
			};
			name = Release;
		};
		EB1D5831214D368A00DF3F13 /* Debug */ = {
			isa = XCBuildConfiguration;
			buildSettings = {
				ALWAYS_EMBED_SWIFT_STANDARD_LIBRARIES = YES;
				BUNDLE_LOADER = "$(TEST_HOST)";
				CODE_SIGN_STYLE = Automatic;
				INFOPLIST_FILE = SomaTests/Info.plist;
				LD_RUNPATH_SEARCH_PATHS = (
					"$(inherited)",
					"@executable_path/Frameworks",
					"@loader_path/Frameworks",
				);
				PRODUCT_BUNDLE_IDENTIFIER = com.cafecomleite.SomaTests;
				PRODUCT_NAME = "$(TARGET_NAME)";
				SWIFT_VERSION = 4.0;
				TARGETED_DEVICE_FAMILY = "1,2";
				TEST_HOST = "$(BUILT_PRODUCTS_DIR)/Soma.app/Soma";
			};
			name = Debug;
		};
		EB1D5832214D368A00DF3F13 /* Release */ = {
			isa = XCBuildConfiguration;
			buildSettings = {
				ALWAYS_EMBED_SWIFT_STANDARD_LIBRARIES = YES;
				BUNDLE_LOADER = "$(TEST_HOST)";
				CODE_SIGN_STYLE = Automatic;
				INFOPLIST_FILE = SomaTests/Info.plist;
				LD_RUNPATH_SEARCH_PATHS = (
					"$(inherited)",
					"@executable_path/Frameworks",
					"@loader_path/Frameworks",
				);
				PRODUCT_BUNDLE_IDENTIFIER = com.cafecomleite.SomaTests;
				PRODUCT_NAME = "$(TARGET_NAME)";
				SWIFT_VERSION = 4.0;
				TARGETED_DEVICE_FAMILY = "1,2";
				TEST_HOST = "$(BUILT_PRODUCTS_DIR)/Soma.app/Soma";
			};
			name = Release;
		};
		EB1D5834214D368A00DF3F13 /* Debug */ = {
			isa = XCBuildConfiguration;
			buildSettings = {
				ALWAYS_EMBED_SWIFT_STANDARD_LIBRARIES = YES;
				CODE_SIGN_STYLE = Automatic;
				INFOPLIST_FILE = SomaUITests/Info.plist;
				LD_RUNPATH_SEARCH_PATHS = (
					"$(inherited)",
					"@executable_path/Frameworks",
					"@loader_path/Frameworks",
				);
				PRODUCT_BUNDLE_IDENTIFIER = com.cafecomleite.SomaUITests;
				PRODUCT_NAME = "$(TARGET_NAME)";
				SWIFT_VERSION = 4.0;
				TARGETED_DEVICE_FAMILY = "1,2";
				TEST_TARGET_NAME = Soma;
			};
			name = Debug;
		};
		EB1D5835214D368A00DF3F13 /* Release */ = {
			isa = XCBuildConfiguration;
			buildSettings = {
				ALWAYS_EMBED_SWIFT_STANDARD_LIBRARIES = YES;
				CODE_SIGN_STYLE = Automatic;
				INFOPLIST_FILE = SomaUITests/Info.plist;
				LD_RUNPATH_SEARCH_PATHS = (
					"$(inherited)",
					"@executable_path/Frameworks",
					"@loader_path/Frameworks",
				);
				PRODUCT_BUNDLE_IDENTIFIER = com.cafecomleite.SomaUITests;
				PRODUCT_NAME = "$(TARGET_NAME)";
				SWIFT_VERSION = 4.0;
				TARGETED_DEVICE_FAMILY = "1,2";
				TEST_TARGET_NAME = Soma;
			};
			name = Release;
		};
/* End XCBuildConfiguration section */

/* Begin XCConfigurationList section */
		EB1D57FD214D368300DF3F13 /* Build configuration list for PBXProject "Soma" */ = {
			isa = XCConfigurationList;
			buildConfigurations = (
				EB1D582B214D368A00DF3F13 /* Debug */,
				EB1D582C214D368A00DF3F13 /* Release */,
			);
			defaultConfigurationIsVisible = 0;
			defaultConfigurationName = Release;
		};
		EB1D582D214D368A00DF3F13 /* Build configuration list for PBXNativeTarget "Soma" */ = {
			isa = XCConfigurationList;
			buildConfigurations = (
				EB1D582E214D368A00DF3F13 /* Debug */,
				EB1D582F214D368A00DF3F13 /* Release */,
			);
			defaultConfigurationIsVisible = 0;
			defaultConfigurationName = Release;
		};
		EB1D5830214D368A00DF3F13 /* Build configuration list for PBXNativeTarget "SomaTests" */ = {
			isa = XCConfigurationList;
			buildConfigurations = (
				EB1D5831214D368A00DF3F13 /* Debug */,
				EB1D5832214D368A00DF3F13 /* Release */,
			);
			defaultConfigurationIsVisible = 0;
			defaultConfigurationName = Release;
		};
		EB1D5833214D368A00DF3F13 /* Build configuration list for PBXNativeTarget "SomaUITests" */ = {
			isa = XCConfigurationList;
			buildConfigurations = (
				EB1D5834214D368A00DF3F13 /* Debug */,
				EB1D5835214D368A00DF3F13 /* Release */,
			);
			defaultConfigurationIsVisible = 0;
			defaultConfigurationName = Release;
		};
/* End XCConfigurationList section */

/* Begin XCVersionGroup section */
		EB1D580C214D368400DF3F13 /* Soma.xcdatamodeld */ = {
			isa = XCVersionGroup;
			children = (
				EB1D580D214D368400DF3F13 /* Soma.xcdatamodel */,
			);
			currentVersion = EB1D580D214D368400DF3F13 /* Soma.xcdatamodel */;
			path = Soma.xcdatamodeld;
			sourceTree = "<group>";
			versionGroupType = wrapper.xcdatamodel;
		};
/* End XCVersionGroup section */
	};
	rootObject = EB1D57FA214D368300DF3F13 /* Project object */;
}
