// !$*UTF8*$!
{
	archiveVersion = 1;
	classes = {
	};
	objectVersion = 50;
	objects = {

/* Begin PBXBuildFile section */
		299ED0D21592E81C229798E2 /* Pods_The_Movie_TestUITests.framework in Frameworks */ = {isa = PBXBuildFile; fileRef = F3EB85AE4FDA6137F51A940F /* Pods_The_Movie_TestUITests.framework */; };
		6366FD347E618C7E90B24D40 /* Pods_The_Movie_TestTests.framework in Frameworks */ = {isa = PBXBuildFile; fileRef = 1E33030CB7AD213FEE832213 /* Pods_The_Movie_TestTests.framework */; };
		6B6B5B5A7B385B378156F584 /* Pods_The_Movie_Test.framework in Frameworks */ = {isa = PBXBuildFile; fileRef = 21DC6496E497970369598AA3 /* Pods_The_Movie_Test.framework */; };
		EB49F9752146A3B00068DE75 /* ResMovie.swift in Sources */ = {isa = PBXBuildFile; fileRef = EB49F9742146A3B00068DE75 /* ResMovie.swift */; };
		EB49F9762146A3B00068DE75 /* ResMovie.swift in Sources */ = {isa = PBXBuildFile; fileRef = EB49F9742146A3B00068DE75 /* ResMovie.swift */; };
		EB49F9772146A3B00068DE75 /* ResMovie.swift in Sources */ = {isa = PBXBuildFile; fileRef = EB49F9742146A3B00068DE75 /* ResMovie.swift */; };
		EB49F97D2146A81F0068DE75 /* DetalheController.swift in Sources */ = {isa = PBXBuildFile; fileRef = EB49F97C2146A81F0068DE75 /* DetalheController.swift */; };
		EB49F97E2146A81F0068DE75 /* DetalheController.swift in Sources */ = {isa = PBXBuildFile; fileRef = EB49F97C2146A81F0068DE75 /* DetalheController.swift */; };
		EB49F97F2146A81F0068DE75 /* DetalheController.swift in Sources */ = {isa = PBXBuildFile; fileRef = EB49F97C2146A81F0068DE75 /* DetalheController.swift */; };
		EB49F9812146B5780068DE75 /* Constants.swift in Sources */ = {isa = PBXBuildFile; fileRef = EB49F9802146B5780068DE75 /* Constants.swift */; };
		EB5ED06A21387B2800401B45 /* AppDelegate.swift in Sources */ = {isa = PBXBuildFile; fileRef = EB5ED06921387B2800401B45 /* AppDelegate.swift */; };
		EB5ED07221387B2900401B45 /* The_Movie_Test.xcdatamodeld in Sources */ = {isa = PBXBuildFile; fileRef = EB5ED07021387B2800401B45 /* The_Movie_Test.xcdatamodeld */; };
		EB5ED07421387B3000401B45 /* Assets.xcassets in Resources */ = {isa = PBXBuildFile; fileRef = EB5ED07321387B3000401B45 /* Assets.xcassets */; };
		EB5ED07721387B3000401B45 /* LaunchScreen.storyboard in Resources */ = {isa = PBXBuildFile; fileRef = EB5ED07521387B3000401B45 /* LaunchScreen.storyboard */; };
		EB5ED08221387B3000401B45 /* The_Movie_TestTests.swift in Sources */ = {isa = PBXBuildFile; fileRef = EB5ED08121387B3000401B45 /* The_Movie_TestTests.swift */; };
		EB5ED08D21387B3000401B45 /* The_Movie_TestUITests.swift in Sources */ = {isa = PBXBuildFile; fileRef = EB5ED08C21387B3000401B45 /* The_Movie_TestUITests.swift */; };
		EB5ED0CB213884FF00401B45 /* LaunchScreen.storyboard in Resources */ = {isa = PBXBuildFile; fileRef = EB5ED07521387B3000401B45 /* LaunchScreen.storyboard */; };
		EB5ED0CC2138850000401B45 /* LaunchScreen.storyboard in Resources */ = {isa = PBXBuildFile; fileRef = EB5ED07521387B3000401B45 /* LaunchScreen.storyboard */; };
		EB5ED0DB2138852400401B45 /* AppDelegate.swift in Sources */ = {isa = PBXBuildFile; fileRef = EB5ED06921387B2800401B45 /* AppDelegate.swift */; };
		EB5ED0DC2138852800401B45 /* Info.plist in Resources */ = {isa = PBXBuildFile; fileRef = EB5ED07821387B3000401B45 /* Info.plist */; };
		EB5ED0DD2138852800401B45 /* Info.plist in Resources */ = {isa = PBXBuildFile; fileRef = EB5ED07821387B3000401B45 /* Info.plist */; };
		EB5ED0DE2138852900401B45 /* Info.plist in Resources */ = {isa = PBXBuildFile; fileRef = EB5ED07821387B3000401B45 /* Info.plist */; };
		EB5ED0DF2138852F00401B45 /* Assets.xcassets in Resources */ = {isa = PBXBuildFile; fileRef = EB5ED07321387B3000401B45 /* Assets.xcassets */; };
		EB5ED0E02138852F00401B45 /* Assets.xcassets in Resources */ = {isa = PBXBuildFile; fileRef = EB5ED07321387B3000401B45 /* Assets.xcassets */; };
		EB5ED0EA2138898200401B45 /* Movie.swift in Sources */ = {isa = PBXBuildFile; fileRef = EB5ED0E92138898200401B45 /* Movie.swift */; };
		EB5ED0EB2138898200401B45 /* Movie.swift in Sources */ = {isa = PBXBuildFile; fileRef = EB5ED0E92138898200401B45 /* Movie.swift */; };
		EB5ED0EC2138898200401B45 /* Movie.swift in Sources */ = {isa = PBXBuildFile; fileRef = EB5ED0E92138898200401B45 /* Movie.swift */; };
		EB5ED0EE21389A9000401B45 /* Main.storyboard in Resources */ = {isa = PBXBuildFile; fileRef = EB5ED0ED21389A9000401B45 /* Main.storyboard */; };
		EB5ED0EF21389A9000401B45 /* Main.storyboard in Resources */ = {isa = PBXBuildFile; fileRef = EB5ED0ED21389A9000401B45 /* Main.storyboard */; };
		EB5ED0F021389A9000401B45 /* Main.storyboard in Resources */ = {isa = PBXBuildFile; fileRef = EB5ED0ED21389A9000401B45 /* Main.storyboard */; };
		EBA1873E21397458006331D3 /* MainViewController.swift in Sources */ = {isa = PBXBuildFile; fileRef = EBA1873D21397458006331D3 /* MainViewController.swift */; };
		EBA1873F21397458006331D3 /* MainViewController.swift in Sources */ = {isa = PBXBuildFile; fileRef = EBA1873D21397458006331D3 /* MainViewController.swift */; };
		EBA1874021397458006331D3 /* MainViewController.swift in Sources */ = {isa = PBXBuildFile; fileRef = EBA1873D21397458006331D3 /* MainViewController.swift */; };
		EBB46894214EE642006E674D /* FilmesViewModel.swift in Sources */ = {isa = PBXBuildFile; fileRef = EBB46893214EE642006E674D /* FilmesViewModel.swift */; };
		EBB46895214EE642006E674D /* FilmesViewModel.swift in Sources */ = {isa = PBXBuildFile; fileRef = EBB46893214EE642006E674D /* FilmesViewModel.swift */; };
		EBB46896214EE642006E674D /* FilmesViewModel.swift in Sources */ = {isa = PBXBuildFile; fileRef = EBB46893214EE642006E674D /* FilmesViewModel.swift */; };
		EBCB89F7213C467600A3D588 /* EnumURL.swift in Sources */ = {isa = PBXBuildFile; fileRef = EBCB89F6213C467600A3D588 /* EnumURL.swift */; };
		EBCB89FB213C6B2F00A3D588 /* Video.swift in Sources */ = {isa = PBXBuildFile; fileRef = EBCB89FA213C6B2F00A3D588 /* Video.swift */; };
		EBCB89FC213C6B4C00A3D588 /* Video.swift in Sources */ = {isa = PBXBuildFile; fileRef = EBCB89FA213C6B2F00A3D588 /* Video.swift */; };
		EBCB89FD213C6B4C00A3D588 /* Video.swift in Sources */ = {isa = PBXBuildFile; fileRef = EBCB89FA213C6B2F00A3D588 /* Video.swift */; };
		EBCB8A09213CB13D00A3D588 /* CelulaFilme.swift in Sources */ = {isa = PBXBuildFile; fileRef = EBCB8A08213CB13D00A3D588 /* CelulaFilme.swift */; };
		EBCB8A0A213CB13D00A3D588 /* CelulaFilme.swift in Sources */ = {isa = PBXBuildFile; fileRef = EBCB8A08213CB13D00A3D588 /* CelulaFilme.swift */; };
		EBCB8A0B213CB13D00A3D588 /* CelulaFilme.swift in Sources */ = {isa = PBXBuildFile; fileRef = EBCB8A08213CB13D00A3D588 /* CelulaFilme.swift */; };
		EBCC364B214C96AA00CE1D23 /* REST.swift in Sources */ = {isa = PBXBuildFile; fileRef = EBCC364A214C96AA00CE1D23 /* REST.swift */; };
		EBCC364C214C96AA00CE1D23 /* REST.swift in Sources */ = {isa = PBXBuildFile; fileRef = EBCC364A214C96AA00CE1D23 /* REST.swift */; };
		EBCC364D214C96AA00CE1D23 /* REST.swift in Sources */ = {isa = PBXBuildFile; fileRef = EBCC364A214C96AA00CE1D23 /* REST.swift */; };
		EBFC2AA9215A4D16002B8924 /* TrailerTableViewCell.swift in Sources */ = {isa = PBXBuildFile; fileRef = EBFC2AA8215A4D16002B8924 /* TrailerTableViewCell.swift */; };
		EBFC2AAA215A4D16002B8924 /* TrailerTableViewCell.swift in Sources */ = {isa = PBXBuildFile; fileRef = EBFC2AA8215A4D16002B8924 /* TrailerTableViewCell.swift */; };
		EBFC2AAB215A4D16002B8924 /* TrailerTableViewCell.swift in Sources */ = {isa = PBXBuildFile; fileRef = EBFC2AA8215A4D16002B8924 /* TrailerTableViewCell.swift */; };
		EBFC2AAD215A4ED5002B8924 /* VideoViewModel.swift in Sources */ = {isa = PBXBuildFile; fileRef = EBFC2AAC215A4ED5002B8924 /* VideoViewModel.swift */; };
		EBFC2AAE215A4ED5002B8924 /* VideoViewModel.swift in Sources */ = {isa = PBXBuildFile; fileRef = EBFC2AAC215A4ED5002B8924 /* VideoViewModel.swift */; };
		EBFC2AAF215A4ED5002B8924 /* VideoViewModel.swift in Sources */ = {isa = PBXBuildFile; fileRef = EBFC2AAC215A4ED5002B8924 /* VideoViewModel.swift */; };
/* End PBXBuildFile section */

/* Begin PBXContainerItemProxy section */
		EB5ED07E21387B3000401B45 /* PBXContainerItemProxy */ = {
			isa = PBXContainerItemProxy;
			containerPortal = EB5ED05E21387B2800401B45 /* Project object */;
			proxyType = 1;
			remoteGlobalIDString = EB5ED06521387B2800401B45;
			remoteInfo = "The Movie Test";
		};
		EB5ED08921387B3000401B45 /* PBXContainerItemProxy */ = {
			isa = PBXContainerItemProxy;
			containerPortal = EB5ED05E21387B2800401B45 /* Project object */;
			proxyType = 1;
			remoteGlobalIDString = EB5ED06521387B2800401B45;
			remoteInfo = "The Movie Test";
		};
/* End PBXContainerItemProxy section */

/* Begin PBXFileReference section */
		1E33030CB7AD213FEE832213 /* Pods_The_Movie_TestTests.framework */ = {isa = PBXFileReference; explicitFileType = wrapper.framework; includeInIndex = 0; path = Pods_The_Movie_TestTests.framework; sourceTree = BUILT_PRODUCTS_DIR; };
		21DC6496E497970369598AA3 /* Pods_The_Movie_Test.framework */ = {isa = PBXFileReference; explicitFileType = wrapper.framework; includeInIndex = 0; path = Pods_The_Movie_Test.framework; sourceTree = BUILT_PRODUCTS_DIR; };
		2CFF5036503A1BBB1987C157 /* Pods-The Movie TestTests.debug.xcconfig */ = {isa = PBXFileReference; includeInIndex = 1; lastKnownFileType = text.xcconfig; name = "Pods-The Movie TestTests.debug.xcconfig"; path = "Pods/Target Support Files/Pods-The Movie TestTests/Pods-The Movie TestTests.debug.xcconfig"; sourceTree = "<group>"; };
		331D0396929BD95B9D69DB24 /* Pods-The Movie TestUITests.debug.xcconfig */ = {isa = PBXFileReference; includeInIndex = 1; lastKnownFileType = text.xcconfig; name = "Pods-The Movie TestUITests.debug.xcconfig"; path = "Pods/Target Support Files/Pods-The Movie TestUITests/Pods-The Movie TestUITests.debug.xcconfig"; sourceTree = "<group>"; };
		366599F4266FC467CEDD2F6C /* Pods-The Movie TestUITests.release.xcconfig */ = {isa = PBXFileReference; includeInIndex = 1; lastKnownFileType = text.xcconfig; name = "Pods-The Movie TestUITests.release.xcconfig"; path = "Pods/Target Support Files/Pods-The Movie TestUITests/Pods-The Movie TestUITests.release.xcconfig"; sourceTree = "<group>"; };
		9D9AAF599946313D8C97A6F4 /* Pods-The Movie TestTests.release.xcconfig */ = {isa = PBXFileReference; includeInIndex = 1; lastKnownFileType = text.xcconfig; name = "Pods-The Movie TestTests.release.xcconfig"; path = "Pods/Target Support Files/Pods-The Movie TestTests/Pods-The Movie TestTests.release.xcconfig"; sourceTree = "<group>"; };
		CE0DAA50B4ACAA19E882D4DA /* Pods-The Movie Test.release.xcconfig */ = {isa = PBXFileReference; includeInIndex = 1; lastKnownFileType = text.xcconfig; name = "Pods-The Movie Test.release.xcconfig"; path = "Pods/Target Support Files/Pods-The Movie Test/Pods-The Movie Test.release.xcconfig"; sourceTree = "<group>"; };
		EB49F9742146A3B00068DE75 /* ResMovie.swift */ = {isa = PBXFileReference; lastKnownFileType = sourcecode.swift; path = ResMovie.swift; sourceTree = "<group>"; };
		EB49F97C2146A81F0068DE75 /* DetalheController.swift */ = {isa = PBXFileReference; lastKnownFileType = sourcecode.swift; path = DetalheController.swift; sourceTree = "<group>"; };
		EB49F9802146B5780068DE75 /* Constants.swift */ = {isa = PBXFileReference; lastKnownFileType = sourcecode.swift; path = Constants.swift; sourceTree = "<group>"; };
		EB5ED06621387B2800401B45 /* The Movie Test.app */ = {isa = PBXFileReference; explicitFileType = wrapper.application; includeInIndex = 0; path = "The Movie Test.app"; sourceTree = BUILT_PRODUCTS_DIR; };
		EB5ED06921387B2800401B45 /* AppDelegate.swift */ = {isa = PBXFileReference; lastKnownFileType = sourcecode.swift; path = AppDelegate.swift; sourceTree = "<group>"; };
		EB5ED07121387B2800401B45 /* The_Movie_Test.xcdatamodel */ = {isa = PBXFileReference; lastKnownFileType = wrapper.xcdatamodel; path = The_Movie_Test.xcdatamodel; sourceTree = "<group>"; };
		EB5ED07321387B3000401B45 /* Assets.xcassets */ = {isa = PBXFileReference; lastKnownFileType = folder.assetcatalog; path = Assets.xcassets; sourceTree = "<group>"; };
		EB5ED07621387B3000401B45 /* Base */ = {isa = PBXFileReference; lastKnownFileType = file.storyboard; name = Base; path = Base.lproj/LaunchScreen.storyboard; sourceTree = "<group>"; };
		EB5ED07821387B3000401B45 /* Info.plist */ = {isa = PBXFileReference; lastKnownFileType = text.plist.xml; path = Info.plist; sourceTree = "<group>"; };
		EB5ED07D21387B3000401B45 /* The Movie TestTests.xctest */ = {isa = PBXFileReference; explicitFileType = wrapper.cfbundle; includeInIndex = 0; path = "The Movie TestTests.xctest"; sourceTree = BUILT_PRODUCTS_DIR; };
		EB5ED08121387B3000401B45 /* The_Movie_TestTests.swift */ = {isa = PBXFileReference; lastKnownFileType = sourcecode.swift; path = The_Movie_TestTests.swift; sourceTree = "<group>"; };
		EB5ED08321387B3000401B45 /* Info.plist */ = {isa = PBXFileReference; lastKnownFileType = text.plist.xml; path = Info.plist; sourceTree = "<group>"; };
		EB5ED08821387B3000401B45 /* The Movie TestUITests.xctest */ = {isa = PBXFileReference; explicitFileType = wrapper.cfbundle; includeInIndex = 0; path = "The Movie TestUITests.xctest"; sourceTree = BUILT_PRODUCTS_DIR; };
		EB5ED08C21387B3000401B45 /* The_Movie_TestUITests.swift */ = {isa = PBXFileReference; lastKnownFileType = sourcecode.swift; path = The_Movie_TestUITests.swift; sourceTree = "<group>"; };
		EB5ED08E21387B3000401B45 /* Info.plist */ = {isa = PBXFileReference; lastKnownFileType = text.plist.xml; path = Info.plist; sourceTree = "<group>"; };
		EB5ED0E92138898200401B45 /* Movie.swift */ = {isa = PBXFileReference; lastKnownFileType = sourcecode.swift; path = Movie.swift; sourceTree = "<group>"; };
		EB5ED0ED21389A9000401B45 /* Main.storyboard */ = {isa = PBXFileReference; lastKnownFileType = file.storyboard; path = Main.storyboard; sourceTree = "<group>"; };
		EBA1873D21397458006331D3 /* MainViewController.swift */ = {isa = PBXFileReference; lastKnownFileType = sourcecode.swift; path = MainViewController.swift; sourceTree = "<group>"; };
		EBB46893214EE642006E674D /* FilmesViewModel.swift */ = {isa = PBXFileReference; lastKnownFileType = sourcecode.swift; path = FilmesViewModel.swift; sourceTree = "<group>"; };
		EBCB89F6213C467600A3D588 /* EnumURL.swift */ = {isa = PBXFileReference; lastKnownFileType = sourcecode.swift; path = EnumURL.swift; sourceTree = "<group>"; };
		EBCB89FA213C6B2F00A3D588 /* Video.swift */ = {isa = PBXFileReference; lastKnownFileType = sourcecode.swift; path = Video.swift; sourceTree = "<group>"; };
		EBCB8A08213CB13D00A3D588 /* CelulaFilme.swift */ = {isa = PBXFileReference; lastKnownFileType = sourcecode.swift; path = CelulaFilme.swift; sourceTree = "<group>"; };
		EBCC364A214C96AA00CE1D23 /* REST.swift */ = {isa = PBXFileReference; lastKnownFileType = sourcecode.swift; path = REST.swift; sourceTree = "<group>"; };
		EBFC2AA8215A4D16002B8924 /* TrailerTableViewCell.swift */ = {isa = PBXFileReference; lastKnownFileType = sourcecode.swift; path = TrailerTableViewCell.swift; sourceTree = "<group>"; };
		EBFC2AAC215A4ED5002B8924 /* VideoViewModel.swift */ = {isa = PBXFileReference; lastKnownFileType = sourcecode.swift; path = VideoViewModel.swift; sourceTree = "<group>"; };
		F3AF3F5CBA691D84D6E52942 /* Pods-The Movie Test.debug.xcconfig */ = {isa = PBXFileReference; includeInIndex = 1; lastKnownFileType = text.xcconfig; name = "Pods-The Movie Test.debug.xcconfig"; path = "Pods/Target Support Files/Pods-The Movie Test/Pods-The Movie Test.debug.xcconfig"; sourceTree = "<group>"; };
		F3EB85AE4FDA6137F51A940F /* Pods_The_Movie_TestUITests.framework */ = {isa = PBXFileReference; explicitFileType = wrapper.framework; includeInIndex = 0; path = Pods_The_Movie_TestUITests.framework; sourceTree = BUILT_PRODUCTS_DIR; };
/* End PBXFileReference section */

/* Begin PBXFrameworksBuildPhase section */
		EB5ED06321387B2800401B45 /* Frameworks */ = {
			isa = PBXFrameworksBuildPhase;
			buildActionMask = 2147483647;
			files = (
				6B6B5B5A7B385B378156F584 /* Pods_The_Movie_Test.framework in Frameworks */,
			);
			runOnlyForDeploymentPostprocessing = 0;
		};
		EB5ED07A21387B3000401B45 /* Frameworks */ = {
			isa = PBXFrameworksBuildPhase;
			buildActionMask = 2147483647;
			files = (
				6366FD347E618C7E90B24D40 /* Pods_The_Movie_TestTests.framework in Frameworks */,
			);
			runOnlyForDeploymentPostprocessing = 0;
		};
		EB5ED08521387B3000401B45 /* Frameworks */ = {
			isa = PBXFrameworksBuildPhase;
			buildActionMask = 2147483647;
			files = (
				299ED0D21592E81C229798E2 /* Pods_The_Movie_TestUITests.framework in Frameworks */,
			);
			runOnlyForDeploymentPostprocessing = 0;
		};
/* End PBXFrameworksBuildPhase section */

/* Begin PBXGroup section */
		176A8742A5BE4B0CDCD379D8 /* Frameworks */ = {
			isa = PBXGroup;
			children = (
				21DC6496E497970369598AA3 /* Pods_The_Movie_Test.framework */,
				1E33030CB7AD213FEE832213 /* Pods_The_Movie_TestTests.framework */,
				F3EB85AE4FDA6137F51A940F /* Pods_The_Movie_TestUITests.framework */,
			);
			name = Frameworks;
			sourceTree = "<group>";
		};
		22A1A2859581D5F9AEF25C94 /* Pods */ = {
			isa = PBXGroup;
			children = (
				F3AF3F5CBA691D84D6E52942 /* Pods-The Movie Test.debug.xcconfig */,
				CE0DAA50B4ACAA19E882D4DA /* Pods-The Movie Test.release.xcconfig */,
				2CFF5036503A1BBB1987C157 /* Pods-The Movie TestTests.debug.xcconfig */,
				9D9AAF599946313D8C97A6F4 /* Pods-The Movie TestTests.release.xcconfig */,
				331D0396929BD95B9D69DB24 /* Pods-The Movie TestUITests.debug.xcconfig */,
				366599F4266FC467CEDD2F6C /* Pods-The Movie TestUITests.release.xcconfig */,
			);
			name = Pods;
			sourceTree = "<group>";
		};
		EB5ED05D21387B2800401B45 = {
			isa = PBXGroup;
			children = (
				EB5ED06821387B2800401B45 /* The Movie Test */,
				EB5ED08021387B3000401B45 /* The Movie TestTests */,
				EB5ED08B21387B3000401B45 /* The Movie TestUITests */,
				EB5ED06721387B2800401B45 /* Products */,
				22A1A2859581D5F9AEF25C94 /* Pods */,
				176A8742A5BE4B0CDCD379D8 /* Frameworks */,
			);
			sourceTree = "<group>";
		};
		EB5ED06721387B2800401B45 /* Products */ = {
			isa = PBXGroup;
			children = (
				EB5ED06621387B2800401B45 /* The Movie Test.app */,
				EB5ED07D21387B3000401B45 /* The Movie TestTests.xctest */,
				EB5ED08821387B3000401B45 /* The Movie TestUITests.xctest */,
			);
			name = Products;
			sourceTree = "<group>";
		};
		EB5ED06821387B2800401B45 /* The Movie Test */ = {
			isa = PBXGroup;
			children = (
				EBB46892214EE629006E674D /* ViewModel */,
				EB5ED09E21387B6700401B45 /* View */,
				EB5ED09C21387B5900401B45 /* Model */,
				EB5ED09A21387B4900401B45 /* Resource */,
				EB5ED06921387B2800401B45 /* AppDelegate.swift */,
				EB5ED07021387B2800401B45 /* The_Movie_Test.xcdatamodeld */,
			);
			path = "The Movie Test";
			sourceTree = "<group>";
		};
		EB5ED08021387B3000401B45 /* The Movie TestTests */ = {
			isa = PBXGroup;
			children = (
				EB5ED08121387B3000401B45 /* The_Movie_TestTests.swift */,
				EB5ED08321387B3000401B45 /* Info.plist */,
			);
			path = "The Movie TestTests";
			sourceTree = "<group>";
		};
		EB5ED08B21387B3000401B45 /* The Movie TestUITests */ = {
			isa = PBXGroup;
			children = (
				EB5ED08C21387B3000401B45 /* The_Movie_TestUITests.swift */,
				EB5ED08E21387B3000401B45 /* Info.plist */,
			);
			path = "The Movie TestUITests";
			sourceTree = "<group>";
		};
		EB5ED09A21387B4900401B45 /* Resource */ = {
			isa = PBXGroup;
			children = (
				EB5ED0A521387DB900401B45 /* plist */,
				EB5ED0A421387DAA00401B45 /* Assets */,
			);
			path = Resource;
			sourceTree = "<group>";
		};
		EB5ED09C21387B5900401B45 /* Model */ = {
			isa = PBXGroup;
			children = (
				EB5ED0A321387BA400401B45 /* Service */,
				EB5ED0A221387B9E00401B45 /* Entity */,
			);
			path = Model;
			sourceTree = "<group>";
		};
		EB5ED09E21387B6700401B45 /* View */ = {
			isa = PBXGroup;
			children = (
				EB5ED0A121387B7F00401B45 /* Storyboard */,
				EB5ED09F21387B7500401B45 /* Controller */,
			);
			path = View;
			sourceTree = "<group>";
		};
		EB5ED09F21387B7500401B45 /* Controller */ = {
			isa = PBXGroup;
			children = (
				EBA1873D21397458006331D3 /* MainViewController.swift */,
				EBCB8A08213CB13D00A3D588 /* CelulaFilme.swift */,
				EB49F97C2146A81F0068DE75 /* DetalheController.swift */,
				EBFC2AA8215A4D16002B8924 /* TrailerTableViewCell.swift */,
			);
			path = Controller;
			sourceTree = "<group>";
		};
		EB5ED0A121387B7F00401B45 /* Storyboard */ = {
			isa = PBXGroup;
			children = (
				EB5ED07521387B3000401B45 /* LaunchScreen.storyboard */,
				EB5ED0ED21389A9000401B45 /* Main.storyboard */,
			);
			path = Storyboard;
			sourceTree = "<group>";
		};
		EB5ED0A221387B9E00401B45 /* Entity */ = {
			isa = PBXGroup;
			children = (
				EB5ED0E92138898200401B45 /* Movie.swift */,
				EBCB89FA213C6B2F00A3D588 /* Video.swift */,
				EB49F9742146A3B00068DE75 /* ResMovie.swift */,
				EB49F9802146B5780068DE75 /* Constants.swift */,
			);
			path = Entity;
			sourceTree = "<group>";
		};
		EB5ED0A321387BA400401B45 /* Service */ = {
			isa = PBXGroup;
			children = (
				EBCB89F6213C467600A3D588 /* EnumURL.swift */,
				EBCC364A214C96AA00CE1D23 /* REST.swift */,
			);
			path = Service;
			sourceTree = "<group>";
		};
		EB5ED0A421387DAA00401B45 /* Assets */ = {
			isa = PBXGroup;
			children = (
				EB5ED07321387B3000401B45 /* Assets.xcassets */,
			);
			path = Assets;
			sourceTree = "<group>";
		};
		EB5ED0A521387DB900401B45 /* plist */ = {
			isa = PBXGroup;
			children = (
				EB5ED07821387B3000401B45 /* Info.plist */,
			);
			path = plist;
			sourceTree = "<group>";
		};
		EBB46892214EE629006E674D /* ViewModel */ = {
			isa = PBXGroup;
			children = (
				EBB46893214EE642006E674D /* FilmesViewModel.swift */,
				EBFC2AAC215A4ED5002B8924 /* VideoViewModel.swift */,
			);
			path = ViewModel;
			sourceTree = "<group>";
		};
/* End PBXGroup section */

/* Begin PBXNativeTarget section */
		EB5ED06521387B2800401B45 /* The Movie Test */ = {
			isa = PBXNativeTarget;
			buildConfigurationList = EB5ED09121387B3000401B45 /* Build configuration list for PBXNativeTarget "The Movie Test" */;
			buildPhases = (
				E2F06CFB919DF67B525D0D71 /* [CP] Check Pods Manifest.lock */,
				EB5ED06221387B2800401B45 /* Sources */,
				EB5ED06321387B2800401B45 /* Frameworks */,
				EB5ED06421387B2800401B45 /* Resources */,
				6161A5E5150BFC3E37D23A32 /* [CP] Embed Pods Frameworks */,
			);
			buildRules = (
			);
			dependencies = (
			);
			name = "The Movie Test";
			productName = "The Movie Test";
			productReference = EB5ED06621387B2800401B45 /* The Movie Test.app */;
			productType = "com.apple.product-type.application";
		};
		EB5ED07C21387B3000401B45 /* The Movie TestTests */ = {
			isa = PBXNativeTarget;
			buildConfigurationList = EB5ED09421387B3000401B45 /* Build configuration list for PBXNativeTarget "The Movie TestTests" */;
			buildPhases = (
				4439AF54AB4E328992CD07DD /* [CP] Check Pods Manifest.lock */,
				EB5ED07921387B3000401B45 /* Sources */,
				EB5ED07A21387B3000401B45 /* Frameworks */,
				EB5ED07B21387B3000401B45 /* Resources */,
				079E99D93E2F96FE91841B47 /* [CP] Embed Pods Frameworks */,
			);
			buildRules = (
			);
			dependencies = (
				EB5ED07F21387B3000401B45 /* PBXTargetDependency */,
			);
			name = "The Movie TestTests";
			productName = "The Movie TestTests";
			productReference = EB5ED07D21387B3000401B45 /* The Movie TestTests.xctest */;
			productType = "com.apple.product-type.bundle.unit-test";
		};
		EB5ED08721387B3000401B45 /* The Movie TestUITests */ = {
			isa = PBXNativeTarget;
			buildConfigurationList = EB5ED09721387B3000401B45 /* Build configuration list for PBXNativeTarget "The Movie TestUITests" */;
			buildPhases = (
				1CB9CBB119201C574D455991 /* [CP] Check Pods Manifest.lock */,
				EB5ED08421387B3000401B45 /* Sources */,
				EB5ED08521387B3000401B45 /* Frameworks */,
				EB5ED08621387B3000401B45 /* Resources */,
			);
			buildRules = (
			);
			dependencies = (
				EB5ED08A21387B3000401B45 /* PBXTargetDependency */,
			);
			name = "The Movie TestUITests";
			productName = "The Movie TestUITests";
			productReference = EB5ED08821387B3000401B45 /* The Movie TestUITests.xctest */;
			productType = "com.apple.product-type.bundle.ui-testing";
		};
/* End PBXNativeTarget section */

/* Begin PBXProject section */
		EB5ED05E21387B2800401B45 /* Project object */ = {
			isa = PBXProject;
			attributes = {
				LastSwiftUpdateCheck = 0930;
				LastUpgradeCheck = 0930;
				ORGANIZATIONNAME = "Filipe Cruz";
				TargetAttributes = {
					EB5ED06521387B2800401B45 = {
						CreatedOnToolsVersion = 9.3.1;
					};
					EB5ED07C21387B3000401B45 = {
						CreatedOnToolsVersion = 9.3.1;
						TestTargetID = EB5ED06521387B2800401B45;
					};
					EB5ED08721387B3000401B45 = {
						CreatedOnToolsVersion = 9.3.1;
						TestTargetID = EB5ED06521387B2800401B45;
					};
				};
			};
			buildConfigurationList = EB5ED06121387B2800401B45 /* Build configuration list for PBXProject "The Movie Test" */;
			compatibilityVersion = "Xcode 9.3";
			developmentRegion = en;
			hasScannedForEncodings = 0;
			knownRegions = (
				en,
				Base,
			);
			mainGroup = EB5ED05D21387B2800401B45;
			productRefGroup = EB5ED06721387B2800401B45 /* Products */;
			projectDirPath = "";
			projectRoot = "";
			targets = (
				EB5ED06521387B2800401B45 /* The Movie Test */,
				EB5ED07C21387B3000401B45 /* The Movie TestTests */,
				EB5ED08721387B3000401B45 /* The Movie TestUITests */,
			);
		};
/* End PBXProject section */

/* Begin PBXResourcesBuildPhase section */
		EB5ED06421387B2800401B45 /* Resources */ = {
			isa = PBXResourcesBuildPhase;
			buildActionMask = 2147483647;
			files = (
				EB5ED07721387B3000401B45 /* LaunchScreen.storyboard in Resources */,
				EB5ED07421387B3000401B45 /* Assets.xcassets in Resources */,
				EB5ED0DC2138852800401B45 /* Info.plist in Resources */,
				EB5ED0EE21389A9000401B45 /* Main.storyboard in Resources */,
			);
			runOnlyForDeploymentPostprocessing = 0;
		};
		EB5ED07B21387B3000401B45 /* Resources */ = {
			isa = PBXResourcesBuildPhase;
			buildActionMask = 2147483647;
			files = (
				EB5ED0DD2138852800401B45 /* Info.plist in Resources */,
				EB5ED0DF2138852F00401B45 /* Assets.xcassets in Resources */,
				EB5ED0CB213884FF00401B45 /* LaunchScreen.storyboard in Resources */,
				EB5ED0EF21389A9000401B45 /* Main.storyboard in Resources */,
			);
			runOnlyForDeploymentPostprocessing = 0;
		};
		EB5ED08621387B3000401B45 /* Resources */ = {
			isa = PBXResourcesBuildPhase;
			buildActionMask = 2147483647;
			files = (
				EB5ED0DE2138852900401B45 /* Info.plist in Resources */,
				EB5ED0E02138852F00401B45 /* Assets.xcassets in Resources */,
				EB5ED0CC2138850000401B45 /* LaunchScreen.storyboard in Resources */,
				EB5ED0F021389A9000401B45 /* Main.storyboard in Resources */,
			);
			runOnlyForDeploymentPostprocessing = 0;
		};
/* End PBXResourcesBuildPhase section */

/* Begin PBXShellScriptBuildPhase section */
		079E99D93E2F96FE91841B47 /* [CP] Embed Pods Frameworks */ = {
			isa = PBXShellScriptBuildPhase;
			buildActionMask = 2147483647;
			files = (
			);
			inputPaths = (
				"${SRCROOT}/Pods/Target Support Files/Pods-The Movie TestTests/Pods-The Movie TestTests-frameworks.sh",
				"${BUILT_PRODUCTS_DIR}/RxSwift/RxSwift.framework",
				"${BUILT_PRODUCTS_DIR}/RxBlocking/RxBlocking.framework",
				"${BUILT_PRODUCTS_DIR}/RxTest/RxTest.framework",
			);
			name = "[CP] Embed Pods Frameworks";
			outputPaths = (
				"${TARGET_BUILD_DIR}/${FRAMEWORKS_FOLDER_PATH}/RxSwift.framework",
				"${TARGET_BUILD_DIR}/${FRAMEWORKS_FOLDER_PATH}/RxBlocking.framework",
				"${TARGET_BUILD_DIR}/${FRAMEWORKS_FOLDER_PATH}/RxTest.framework",
			);
			runOnlyForDeploymentPostprocessing = 0;
			shellPath = /bin/sh;
			shellScript = "\"${SRCROOT}/Pods/Target Support Files/Pods-The Movie TestTests/Pods-The Movie TestTests-frameworks.sh\"\n";
			showEnvVarsInLog = 0;
		};
		1CB9CBB119201C574D455991 /* [CP] Check Pods Manifest.lock */ = {
			isa = PBXShellScriptBuildPhase;
			buildActionMask = 2147483647;
			files = (
			);
			inputPaths = (
				"${PODS_PODFILE_DIR_PATH}/Podfile.lock",
				"${PODS_ROOT}/Manifest.lock",
			);
			name = "[CP] Check Pods Manifest.lock";
			outputPaths = (
				"$(DERIVED_FILE_DIR)/Pods-The Movie TestUITests-checkManifestLockResult.txt",
			);
			runOnlyForDeploymentPostprocessing = 0;
			shellPath = /bin/sh;
			shellScript = "diff \"${PODS_PODFILE_DIR_PATH}/Podfile.lock\" \"${PODS_ROOT}/Manifest.lock\" > /dev/null\nif [ $? != 0 ] ; then\n    # print error to STDERR\n    echo \"error: The sandbox is not in sync with the Podfile.lock. Run 'pod install' or update your CocoaPods installation.\" >&2\n    exit 1\nfi\n# This output is used by Xcode 'outputs' to avoid re-running this script phase.\necho \"SUCCESS\" > \"${SCRIPT_OUTPUT_FILE_0}\"\n";
			showEnvVarsInLog = 0;
		};
		4439AF54AB4E328992CD07DD /* [CP] Check Pods Manifest.lock */ = {
			isa = PBXShellScriptBuildPhase;
			buildActionMask = 2147483647;
			files = (
			);
			inputPaths = (
				"${PODS_PODFILE_DIR_PATH}/Podfile.lock",
				"${PODS_ROOT}/Manifest.lock",
			);
			name = "[CP] Check Pods Manifest.lock";
			outputPaths = (
				"$(DERIVED_FILE_DIR)/Pods-The Movie TestTests-checkManifestLockResult.txt",
			);
			runOnlyForDeploymentPostprocessing = 0;
			shellPath = /bin/sh;
			shellScript = "diff \"${PODS_PODFILE_DIR_PATH}/Podfile.lock\" \"${PODS_ROOT}/Manifest.lock\" > /dev/null\nif [ $? != 0 ] ; then\n    # print error to STDERR\n    echo \"error: The sandbox is not in sync with the Podfile.lock. Run 'pod install' or update your CocoaPods installation.\" >&2\n    exit 1\nfi\n# This output is used by Xcode 'outputs' to avoid re-running this script phase.\necho \"SUCCESS\" > \"${SCRIPT_OUTPUT_FILE_0}\"\n";
			showEnvVarsInLog = 0;
		};
		6161A5E5150BFC3E37D23A32 /* [CP] Embed Pods Frameworks */ = {
			isa = PBXShellScriptBuildPhase;
			buildActionMask = 2147483647;
			files = (
			);
			inputPaths = (
				"${SRCROOT}/Pods/Target Support Files/Pods-The Movie Test/Pods-The Movie Test-frameworks.sh",
				"${BUILT_PRODUCTS_DIR}/Alamofire/Alamofire.framework",
				"${BUILT_PRODUCTS_DIR}/AlamofireObjectMapper/AlamofireObjectMapper.framework",
				"${BUILT_PRODUCTS_DIR}/ObjectMapper/ObjectMapper.framework",
				"${BUILT_PRODUCTS_DIR}/RxCocoa/RxCocoa.framework",
				"${BUILT_PRODUCTS_DIR}/RxSwift/RxSwift.framework",
			);
			name = "[CP] Embed Pods Frameworks";
			outputPaths = (
				"${TARGET_BUILD_DIR}/${FRAMEWORKS_FOLDER_PATH}/Alamofire.framework",
				"${TARGET_BUILD_DIR}/${FRAMEWORKS_FOLDER_PATH}/AlamofireObjectMapper.framework",
				"${TARGET_BUILD_DIR}/${FRAMEWORKS_FOLDER_PATH}/ObjectMapper.framework",
				"${TARGET_BUILD_DIR}/${FRAMEWORKS_FOLDER_PATH}/RxCocoa.framework",
				"${TARGET_BUILD_DIR}/${FRAMEWORKS_FOLDER_PATH}/RxSwift.framework",
			);
			runOnlyForDeploymentPostprocessing = 0;
			shellPath = /bin/sh;
			shellScript = "\"${SRCROOT}/Pods/Target Support Files/Pods-The Movie Test/Pods-The Movie Test-frameworks.sh\"\n";
			showEnvVarsInLog = 0;
		};
		E2F06CFB919DF67B525D0D71 /* [CP] Check Pods Manifest.lock */ = {
			isa = PBXShellScriptBuildPhase;
			buildActionMask = 2147483647;
			files = (
			);
			inputPaths = (
				"${PODS_PODFILE_DIR_PATH}/Podfile.lock",
				"${PODS_ROOT}/Manifest.lock",
			);
			name = "[CP] Check Pods Manifest.lock";
			outputPaths = (
				"$(DERIVED_FILE_DIR)/Pods-The Movie Test-checkManifestLockResult.txt",
			);
			runOnlyForDeploymentPostprocessing = 0;
			shellPath = /bin/sh;
			shellScript = "diff \"${PODS_PODFILE_DIR_PATH}/Podfile.lock\" \"${PODS_ROOT}/Manifest.lock\" > /dev/null\nif [ $? != 0 ] ; then\n    # print error to STDERR\n    echo \"error: The sandbox is not in sync with the Podfile.lock. Run 'pod install' or update your CocoaPods installation.\" >&2\n    exit 1\nfi\n# This output is used by Xcode 'outputs' to avoid re-running this script phase.\necho \"SUCCESS\" > \"${SCRIPT_OUTPUT_FILE_0}\"\n";
			showEnvVarsInLog = 0;
		};
/* End PBXShellScriptBuildPhase section */

/* Begin PBXSourcesBuildPhase section */
		EB5ED06221387B2800401B45 /* Sources */ = {
			isa = PBXSourcesBuildPhase;
			buildActionMask = 2147483647;
			files = (
				EBCB89F7213C467600A3D588 /* EnumURL.swift in Sources */,
				EB49F9812146B5780068DE75 /* Constants.swift in Sources */,
				EBCB89FB213C6B2F00A3D588 /* Video.swift in Sources */,
				EBA1873E21397458006331D3 /* MainViewController.swift in Sources */,
				EB5ED07221387B2900401B45 /* The_Movie_Test.xcdatamodeld in Sources */,
				EB49F9752146A3B00068DE75 /* ResMovie.swift in Sources */,
				EB5ED0EA2138898200401B45 /* Movie.swift in Sources */,
				EB5ED06A21387B2800401B45 /* AppDelegate.swift in Sources */,
				EBB46894214EE642006E674D /* FilmesViewModel.swift in Sources */,
				EBCB8A09213CB13D00A3D588 /* CelulaFilme.swift in Sources */,
				EBCC364B214C96AA00CE1D23 /* REST.swift in Sources */,
				EB49F97D2146A81F0068DE75 /* DetalheController.swift in Sources */,
				EBFC2AAD215A4ED5002B8924 /* VideoViewModel.swift in Sources */,
				EBFC2AA9215A4D16002B8924 /* TrailerTableViewCell.swift in Sources */,
			);
			runOnlyForDeploymentPostprocessing = 0;
		};
		EB5ED07921387B3000401B45 /* Sources */ = {
			isa = PBXSourcesBuildPhase;
			buildActionMask = 2147483647;
			files = (
				EBCB8A0A213CB13D00A3D588 /* CelulaFilme.swift in Sources */,
				EB5ED0DB2138852400401B45 /* AppDelegate.swift in Sources */,
				EB5ED08221387B3000401B45 /* The_Movie_TestTests.swift in Sources */,
				EB49F9762146A3B00068DE75 /* ResMovie.swift in Sources */,
				EBA1873F21397458006331D3 /* MainViewController.swift in Sources */,
				EBCC364C214C96AA00CE1D23 /* REST.swift in Sources */,
				EBFC2AAE215A4ED5002B8924 /* VideoViewModel.swift in Sources */,
				EBFC2AAA215A4D16002B8924 /* TrailerTableViewCell.swift in Sources */,
				EB5ED0EB2138898200401B45 /* Movie.swift in Sources */,
				EBB46895214EE642006E674D /* FilmesViewModel.swift in Sources */,
				EB49F97E2146A81F0068DE75 /* DetalheController.swift in Sources */,
				EBCB89FC213C6B4C00A3D588 /* Video.swift in Sources */,
			);
			runOnlyForDeploymentPostprocessing = 0;
		};
		EB5ED08421387B3000401B45 /* Sources */ = {
			isa = PBXSourcesBuildPhase;
			buildActionMask = 2147483647;
			files = (
				EBFC2AAB215A4D16002B8924 /* TrailerTableViewCell.swift in Sources */,
				EBCB89FD213C6B4C00A3D588 /* Video.swift in Sources */,
				EBCC364D214C96AA00CE1D23 /* REST.swift in Sources */,
				EBCB8A0B213CB13D00A3D588 /* CelulaFilme.swift in Sources */,
				EB49F9772146A3B00068DE75 /* ResMovie.swift in Sources */,
				EBA1874021397458006331D3 /* MainViewController.swift in Sources */,
				EBB46896214EE642006E674D /* FilmesViewModel.swift in Sources */,
				EB5ED0EC2138898200401B45 /* Movie.swift in Sources */,
				EB49F97F2146A81F0068DE75 /* DetalheController.swift in Sources */,
				EBFC2AAF215A4ED5002B8924 /* VideoViewModel.swift in Sources */,
				EB5ED08D21387B3000401B45 /* The_Movie_TestUITests.swift in Sources */,
			);
			runOnlyForDeploymentPostprocessing = 0;
		};
/* End PBXSourcesBuildPhase section */

/* Begin PBXTargetDependency section */
		EB5ED07F21387B3000401B45 /* PBXTargetDependency */ = {
			isa = PBXTargetDependency;
			target = EB5ED06521387B2800401B45 /* The Movie Test */;
			targetProxy = EB5ED07E21387B3000401B45 /* PBXContainerItemProxy */;
		};
		EB5ED08A21387B3000401B45 /* PBXTargetDependency */ = {
			isa = PBXTargetDependency;
			target = EB5ED06521387B2800401B45 /* The Movie Test */;
			targetProxy = EB5ED08921387B3000401B45 /* PBXContainerItemProxy */;
		};
/* End PBXTargetDependency section */

/* Begin PBXVariantGroup section */
		EB5ED07521387B3000401B45 /* LaunchScreen.storyboard */ = {
			isa = PBXVariantGroup;
			children = (
				EB5ED07621387B3000401B45 /* Base */,
			);
			name = LaunchScreen.storyboard;
			sourceTree = "<group>";
		};
/* End PBXVariantGroup section */

/* Begin XCBuildConfiguration section */
		EB5ED08F21387B3000401B45 /* Debug */ = {
			isa = XCBuildConfiguration;
			buildSettings = {
				ALWAYS_SEARCH_USER_PATHS = NO;
				CLANG_ANALYZER_NONNULL = YES;
				CLANG_ANALYZER_NUMBER_OBJECT_CONVERSION = YES_AGGRESSIVE;
				CLANG_CXX_LANGUAGE_STANDARD = "gnu++14";
				CLANG_CXX_LIBRARY = "libc++";
				CLANG_ENABLE_MODULES = YES;
				CLANG_ENABLE_OBJC_ARC = YES;
				CLANG_ENABLE_OBJC_WEAK = YES;
				CLANG_WARN_BLOCK_CAPTURE_AUTORELEASING = YES;
				CLANG_WARN_BOOL_CONVERSION = YES;
				CLANG_WARN_COMMA = YES;
				CLANG_WARN_CONSTANT_CONVERSION = YES;
				CLANG_WARN_DEPRECATED_OBJC_IMPLEMENTATIONS = YES;
				CLANG_WARN_DIRECT_OBJC_ISA_USAGE = YES_ERROR;
				CLANG_WARN_DOCUMENTATION_COMMENTS = YES;
				CLANG_WARN_EMPTY_BODY = YES;
				CLANG_WARN_ENUM_CONVERSION = YES;
				CLANG_WARN_INFINITE_RECURSION = YES;
				CLANG_WARN_INT_CONVERSION = YES;
				CLANG_WARN_NON_LITERAL_NULL_CONVERSION = YES;
				CLANG_WARN_OBJC_IMPLICIT_RETAIN_SELF = YES;
				CLANG_WARN_OBJC_LITERAL_CONVERSION = YES;
				CLANG_WARN_OBJC_ROOT_CLASS = YES_ERROR;
				CLANG_WARN_RANGE_LOOP_ANALYSIS = YES;
				CLANG_WARN_STRICT_PROTOTYPES = YES;
				CLANG_WARN_SUSPICIOUS_MOVE = YES;
				CLANG_WARN_UNGUARDED_AVAILABILITY = YES_AGGRESSIVE;
				CLANG_WARN_UNREACHABLE_CODE = YES;
				CLANG_WARN__DUPLICATE_METHOD_MATCH = YES;
				CODE_SIGN_IDENTITY = "iPhone Developer";
				COPY_PHASE_STRIP = NO;
				DEBUG_INFORMATION_FORMAT = dwarf;
				ENABLE_STRICT_OBJC_MSGSEND = YES;
				ENABLE_TESTABILITY = YES;
				GCC_C_LANGUAGE_STANDARD = gnu11;
				GCC_DYNAMIC_NO_PIC = NO;
				GCC_NO_COMMON_BLOCKS = YES;
				GCC_OPTIMIZATION_LEVEL = 0;
				GCC_PREPROCESSOR_DEFINITIONS = (
					"DEBUG=1",
					"$(inherited)",
				);
				GCC_WARN_64_TO_32_BIT_CONVERSION = YES;
				GCC_WARN_ABOUT_RETURN_TYPE = YES_ERROR;
				GCC_WARN_UNDECLARED_SELECTOR = YES;
				GCC_WARN_UNINITIALIZED_AUTOS = YES_AGGRESSIVE;
				GCC_WARN_UNUSED_FUNCTION = YES;
				GCC_WARN_UNUSED_VARIABLE = YES;
				IPHONEOS_DEPLOYMENT_TARGET = 11.3;
				MTL_ENABLE_DEBUG_INFO = YES;
				ONLY_ACTIVE_ARCH = YES;
				SDKROOT = iphoneos;
				SWIFT_ACTIVE_COMPILATION_CONDITIONS = DEBUG;
				SWIFT_OPTIMIZATION_LEVEL = "-Onone";
			};
			name = Debug;
		};
		EB5ED09021387B3000401B45 /* Release */ = {
			isa = XCBuildConfiguration;
			buildSettings = {
				ALWAYS_SEARCH_USER_PATHS = NO;
				CLANG_ANALYZER_NONNULL = YES;
				CLANG_ANALYZER_NUMBER_OBJECT_CONVERSION = YES_AGGRESSIVE;
				CLANG_CXX_LANGUAGE_STANDARD = "gnu++14";
				CLANG_CXX_LIBRARY = "libc++";
				CLANG_ENABLE_MODULES = YES;
				CLANG_ENABLE_OBJC_ARC = YES;
				CLANG_ENABLE_OBJC_WEAK = YES;
				CLANG_WARN_BLOCK_CAPTURE_AUTORELEASING = YES;
				CLANG_WARN_BOOL_CONVERSION = YES;
				CLANG_WARN_COMMA = YES;
				CLANG_WARN_CONSTANT_CONVERSION = YES;
				CLANG_WARN_DEPRECATED_OBJC_IMPLEMENTATIONS = YES;
				CLANG_WARN_DIRECT_OBJC_ISA_USAGE = YES_ERROR;
				CLANG_WARN_DOCUMENTATION_COMMENTS = YES;
				CLANG_WARN_EMPTY_BODY = YES;
				CLANG_WARN_ENUM_CONVERSION = YES;
				CLANG_WARN_INFINITE_RECURSION = YES;
				CLANG_WARN_INT_CONVERSION = YES;
				CLANG_WARN_NON_LITERAL_NULL_CONVERSION = YES;
				CLANG_WARN_OBJC_IMPLICIT_RETAIN_SELF = YES;
				CLANG_WARN_OBJC_LITERAL_CONVERSION = YES;
				CLANG_WARN_OBJC_ROOT_CLASS = YES_ERROR;
				CLANG_WARN_RANGE_LOOP_ANALYSIS = YES;
				CLANG_WARN_STRICT_PROTOTYPES = YES;
				CLANG_WARN_SUSPICIOUS_MOVE = YES;
				CLANG_WARN_UNGUARDED_AVAILABILITY = YES_AGGRESSIVE;
				CLANG_WARN_UNREACHABLE_CODE = YES;
				CLANG_WARN__DUPLICATE_METHOD_MATCH = YES;
				CODE_SIGN_IDENTITY = "iPhone Developer";
				COPY_PHASE_STRIP = NO;
				DEBUG_INFORMATION_FORMAT = "dwarf-with-dsym";
				ENABLE_NS_ASSERTIONS = NO;
				ENABLE_STRICT_OBJC_MSGSEND = YES;
				GCC_C_LANGUAGE_STANDARD = gnu11;
				GCC_NO_COMMON_BLOCKS = YES;
				GCC_WARN_64_TO_32_BIT_CONVERSION = YES;
				GCC_WARN_ABOUT_RETURN_TYPE = YES_ERROR;
				GCC_WARN_UNDECLARED_SELECTOR = YES;
				GCC_WARN_UNINITIALIZED_AUTOS = YES_AGGRESSIVE;
				GCC_WARN_UNUSED_FUNCTION = YES;
				GCC_WARN_UNUSED_VARIABLE = YES;
				IPHONEOS_DEPLOYMENT_TARGET = 11.3;
				MTL_ENABLE_DEBUG_INFO = NO;
				SDKROOT = iphoneos;
				SWIFT_COMPILATION_MODE = wholemodule;
				SWIFT_OPTIMIZATION_LEVEL = "-O";
				VALIDATE_PRODUCT = YES;
			};
			name = Release;
		};
		EB5ED09221387B3000401B45 /* Debug */ = {
			isa = XCBuildConfiguration;
			baseConfigurationReference = F3AF3F5CBA691D84D6E52942 /* Pods-The Movie Test.debug.xcconfig */;
			buildSettings = {
				ASSETCATALOG_COMPILER_APPICON_NAME = AppIcon;
				CODE_SIGN_STYLE = Automatic;
				DEVELOPMENT_TEAM = ATC4M43PB8;
				INFOPLIST_FILE = "$(SRCROOT)/The Movie Test/Resource/plist/Info.plist";
				LD_RUNPATH_SEARCH_PATHS = (
					"$(inherited)",
					"@executable_path/Frameworks",
				);
				PRODUCT_BUNDLE_IDENTIFIER = "com.cafecomleite.The-Movie-Test";
				PRODUCT_NAME = "$(TARGET_NAME)";
				SWIFT_VERSION = 4.0;
				TARGETED_DEVICE_FAMILY = 1;
			};
			name = Debug;
		};
		EB5ED09321387B3000401B45 /* Release */ = {
			isa = XCBuildConfiguration;
			baseConfigurationReference = CE0DAA50B4ACAA19E882D4DA /* Pods-The Movie Test.release.xcconfig */;
			buildSettings = {
				ASSETCATALOG_COMPILER_APPICON_NAME = AppIcon;
				CODE_SIGN_STYLE = Automatic;
				DEVELOPMENT_TEAM = ATC4M43PB8;
				INFOPLIST_FILE = "$(SRCROOT)/The Movie Test/Resource/plist/Info.plist";
				LD_RUNPATH_SEARCH_PATHS = (
					"$(inherited)",
					"@executable_path/Frameworks",
				);
				PRODUCT_BUNDLE_IDENTIFIER = "com.cafecomleite.The-Movie-Test";
				PRODUCT_NAME = "$(TARGET_NAME)";
				SWIFT_VERSION = 4.0;
				TARGETED_DEVICE_FAMILY = 1;
			};
			name = Release;
		};
		EB5ED09521387B3000401B45 /* Debug */ = {
			isa = XCBuildConfiguration;
			baseConfigurationReference = 2CFF5036503A1BBB1987C157 /* Pods-The Movie TestTests.debug.xcconfig */;
			buildSettings = {
				ALWAYS_EMBED_SWIFT_STANDARD_LIBRARIES = YES;
				BUNDLE_LOADER = "$(TEST_HOST)";
				CODE_SIGN_STYLE = Automatic;
				INFOPLIST_FILE = "The Movie TestTests/Info.plist";
				LD_RUNPATH_SEARCH_PATHS = (
					"$(inherited)",
					"@executable_path/Frameworks",
					"@loader_path/Frameworks",
				);
				PRODUCT_BUNDLE_IDENTIFIER = "com.cafecomleite.The-Movie-TestTests";
				PRODUCT_NAME = "$(TARGET_NAME)";
				SWIFT_VERSION = 4.0;
				TARGETED_DEVICE_FAMILY = "1,2";
				TEST_HOST = "$(BUILT_PRODUCTS_DIR)/The Movie Test.app/The Movie Test";
			};
			name = Debug;
		};
		EB5ED09621387B3000401B45 /* Release */ = {
			isa = XCBuildConfiguration;
			baseConfigurationReference = 9D9AAF599946313D8C97A6F4 /* Pods-The Movie TestTests.release.xcconfig */;
			buildSettings = {
				ALWAYS_EMBED_SWIFT_STANDARD_LIBRARIES = YES;
				BUNDLE_LOADER = "$(TEST_HOST)";
				CODE_SIGN_STYLE = Automatic;
				INFOPLIST_FILE = "The Movie TestTests/Info.plist";
				LD_RUNPATH_SEARCH_PATHS = (
					"$(inherited)",
					"@executable_path/Frameworks",
					"@loader_path/Frameworks",
				);
				PRODUCT_BUNDLE_IDENTIFIER = "com.cafecomleite.The-Movie-TestTests";
				PRODUCT_NAME = "$(TARGET_NAME)";
				SWIFT_VERSION = 4.0;
				TARGETED_DEVICE_FAMILY = "1,2";
				TEST_HOST = "$(BUILT_PRODUCTS_DIR)/The Movie Test.app/The Movie Test";
			};
			name = Release;
		};
		EB5ED09821387B3000401B45 /* Debug */ = {
			isa = XCBuildConfiguration;
			baseConfigurationReference = 331D0396929BD95B9D69DB24 /* Pods-The Movie TestUITests.debug.xcconfig */;
			buildSettings = {
				ALWAYS_EMBED_SWIFT_STANDARD_LIBRARIES = YES;
				CODE_SIGN_STYLE = Automatic;
				INFOPLIST_FILE = "The Movie TestUITests/Info.plist";
				LD_RUNPATH_SEARCH_PATHS = (
					"$(inherited)",
					"@executable_path/Frameworks",
					"@loader_path/Frameworks",
				);
				PRODUCT_BUNDLE_IDENTIFIER = "com.cafecomleite.The-Movie-TestUITests";
				PRODUCT_NAME = "$(TARGET_NAME)";
				SWIFT_VERSION = 4.0;
				TARGETED_DEVICE_FAMILY = "1,2";
				TEST_TARGET_NAME = "The Movie Test";
			};
			name = Debug;
		};
		EB5ED09921387B3000401B45 /* Release */ = {
			isa = XCBuildConfiguration;
			baseConfigurationReference = 366599F4266FC467CEDD2F6C /* Pods-The Movie TestUITests.release.xcconfig */;
			buildSettings = {
				ALWAYS_EMBED_SWIFT_STANDARD_LIBRARIES = YES;
				CODE_SIGN_STYLE = Automatic;
				INFOPLIST_FILE = "The Movie TestUITests/Info.plist";
				LD_RUNPATH_SEARCH_PATHS = (
					"$(inherited)",
					"@executable_path/Frameworks",
					"@loader_path/Frameworks",
				);
				PRODUCT_BUNDLE_IDENTIFIER = "com.cafecomleite.The-Movie-TestUITests";
				PRODUCT_NAME = "$(TARGET_NAME)";
				SWIFT_VERSION = 4.0;
				TARGETED_DEVICE_FAMILY = "1,2";
				TEST_TARGET_NAME = "The Movie Test";
			};
			name = Release;
		};
/* End XCBuildConfiguration section */

/* Begin XCConfigurationList section */
		EB5ED06121387B2800401B45 /* Build configuration list for PBXProject "The Movie Test" */ = {
			isa = XCConfigurationList;
			buildConfigurations = (
				EB5ED08F21387B3000401B45 /* Debug */,
				EB5ED09021387B3000401B45 /* Release */,
			);
			defaultConfigurationIsVisible = 0;
			defaultConfigurationName = Release;
		};
		EB5ED09121387B3000401B45 /* Build configuration list for PBXNativeTarget "The Movie Test" */ = {
			isa = XCConfigurationList;
			buildConfigurations = (
				EB5ED09221387B3000401B45 /* Debug */,
				EB5ED09321387B3000401B45 /* Release */,
			);
			defaultConfigurationIsVisible = 0;
			defaultConfigurationName = Release;
		};
		EB5ED09421387B3000401B45 /* Build configuration list for PBXNativeTarget "The Movie TestTests" */ = {
			isa = XCConfigurationList;
			buildConfigurations = (
				EB5ED09521387B3000401B45 /* Debug */,
				EB5ED09621387B3000401B45 /* Release */,
			);
			defaultConfigurationIsVisible = 0;
			defaultConfigurationName = Release;
		};
		EB5ED09721387B3000401B45 /* Build configuration list for PBXNativeTarget "The Movie TestUITests" */ = {
			isa = XCConfigurationList;
			buildConfigurations = (
				EB5ED09821387B3000401B45 /* Debug */,
				EB5ED09921387B3000401B45 /* Release */,
			);
			defaultConfigurationIsVisible = 0;
			defaultConfigurationName = Release;
		};
/* End XCConfigurationList section */

/* Begin XCVersionGroup section */
		EB5ED07021387B2800401B45 /* The_Movie_Test.xcdatamodeld */ = {
			isa = XCVersionGroup;
			children = (
				EB5ED07121387B2800401B45 /* The_Movie_Test.xcdatamodel */,
			);
			currentVersion = EB5ED07121387B2800401B45 /* The_Movie_Test.xcdatamodel */;
			path = The_Movie_Test.xcdatamodeld;
			sourceTree = "<group>";
			versionGroupType = wrapper.xcdatamodel;
		};
/* End XCVersionGroup section */
	};
	rootObject = EB5ED05E21387B2800401B45 /* Project object */;
}
